
Microsoft Visual Studio Solution File, Format Version 12.00
# Visual Studio 15
VisualStudioVersion = 15.0.28307.489
MinimumVisualStudioVersion = 10.0.40219.1
Project("{FAE04EC0-301F-11D3-BF4B-00C04F79EFBC}") = "PokemonWPF", "PokemonWPF\PokemonWPF.csproj", "{FA9DE68C-DAFE-4085-A260-09FB7094601C}"
EndProject
Project("{FAE04EC0-301F-11D3-BF4B-00C04F79EFBC}") = "PokemonDAL", "PokemonDAL\PokemonDAL.csproj", "{0DB85F91-FE60-4E39-B7E8-D6E2C9991FC0}"
EndProject
Project("{FAE04EC0-301F-11D3-BF4B-00C04F79EFBC}") = "PokemonModels", "PokemonModels\PokemonModels.csproj", "{1DF40E16-45FD-4B2D-B666-4319E7298278}"
EndProject
Global
	GlobalSection(SolutionConfigurationPlatforms) = preSolution
		Debug|Any CPU = Debug|Any CPU
		Release|Any CPU = Release|Any CPU
	EndGlobalSection
	GlobalSection(ProjectConfigurationPlatforms) = postSolution
		{FA9DE68C-DAFE-4085-A260-09FB7094601C}.Debug|Any CPU.ActiveCfg = Debug|Any CPU
		{FA9DE68C-DAFE-4085-A260-09FB7094601C}.Debug|Any CPU.Build.0 = Debug|Any CPU
		{FA9DE68C-DAFE-4085-A260-09FB7094601C}.Release|Any CPU.ActiveCfg = Release|Any CPU
		{FA9DE68C-DAFE-4085-A260-09FB7094601C}.Release|Any CPU.Build.0 = Release|Any CPU
		{0DB85F91-FE60-4E39-B7E8-D6E2C9991FC0}.Debug|Any CPU.ActiveCfg = Debug|Any CPU
		{0DB85F91-FE60-4E39-B7E8-D6E2C9991FC0}.Debug|Any CPU.Build.0 = Debug|Any CPU
		{0DB85F91-FE60-4E39-B7E8-D6E2C9991FC0}.Release|Any CPU.ActiveCfg = Release|Any CPU
		{0DB85F91-FE60-4E39-B7E8-D6E2C9991FC0}.Release|Any CPU.Build.0 = Release|Any CPU
		{1DF40E16-45FD-4B2D-B666-4319E7298278}.Debug|Any CPU.ActiveCfg = Debug|Any CPU
		{1DF40E16-45FD-4B2D-B666-4319E7298278}.Debug|Any CPU.Build.0 = Debug|Any CPU
		{1DF40E16-45FD-4B2D-B666-4319E7298278}.Release|Any CPU.ActiveCfg = Release|Any CPU
		{1DF40E16-45FD-4B2D-B666-4319E7298278}.Release|Any CPU.Build.0 = Release|Any CPU
	EndGlobalSection
	GlobalSection(SolutionProperties) = preSolution
		HideSolutionNode = FALSE
	EndGlobalSection
	GlobalSection(ExtensibilityGlobals) = postSolution
		SolutionGuid = {3A41CD50-378C-46C0-B89E-FF76429F1F17}
	EndGlobalSection
EndGlobal
